
Microsoft Visual Studio Solution File, Format Version 12.00
# Visual Studio Version 17
VisualStudioVersion = 17.2.32516.85
MinimumVisualStudioVersion = 10.0.40219.1
Project("{FAE04EC0-301F-11D3-BF4B-00C04F79EFBC}") = "UtilityBot", "UtilityBot\UtilityBot.csproj", "{EAB28DE2-09B8-4A91-ADAB-D8F92A3C6D24}"
EndProject
Global
	GlobalSection(SolutionConfigurationPlatforms) = preSolution
		Debug|Any CPU = Debug|Any CPU
		Release|Any CPU = Release|Any CPU
	EndGlobalSection
	GlobalSection(ProjectConfigurationPlatforms) = postSolution
		{EAB28DE2-09B8-4A91-ADAB-D8F92A3C6D24}.Debug|Any CPU.ActiveCfg = Debug|Any CPU
		{EAB28DE2-09B8-4A91-ADAB-D8F92A3C6D24}.Debug|Any CPU.Build.0 = Debug|Any CPU
		{EAB28DE2-09B8-4A91-ADAB-D8F92A3C6D24}.Release|Any CPU.ActiveCfg = Release|Any CPU
		{EAB28DE2-09B8-4A91-ADAB-D8F92A3C6D24}.Release|Any CPU.Build.0 = Release|Any CPU
	EndGlobalSection
	GlobalSection(SolutionProperties) = preSolution
		HideSolutionNode = FALSE
	EndGlobalSection
	GlobalSection(ExtensibilityGlobals) = postSolution
		SolutionGuid = {E140E35D-4535-40BB-B396-B02A623AFA07}
	EndGlobalSection
EndGlobal
